
Microsoft Visual Studio Solution File, Format Version 11.00
# Visual Studio 2010
Project("{FAE04EC0-301F-11D3-BF4B-00C04F79EFBC}") = "AquaTrack", "AquaTrack\AquaTrack.csproj", "{5c9e6d11-b55f-44db-8b68-fa29ce6f13c2}"
EndProject
Global
	GlobalSection(SolutionConfigurationPlatforms) = preSolution
		Debug|Any CPU = Debug|Any CPU
		Release|Any CPU = Release|Any CPU
	EndGlobalSection
	GlobalSection(ProjectConfigurationPlatforms) = postSolution
		{5C9E6D11-B55F-44DB-8B68-FA29CE6F13C2}.Debug|Any CPU.ActiveCfg = Debug|Any CPU
		{5C9E6D11-B55F-44DB-8B68-FA29CE6F13C2}.Debug|Any CPU.Build.0 = Debug|Any CPU
		{5C9E6D11-B55F-44DB-8B68-FA29CE6F13C2}.Debug|Any CPU.Deploy.0 = Debug|Any CPU
		{5C9E6D11-B55F-44DB-8B68-FA29CE6F13C2}.Release|Any CPU.ActiveCfg = Release|Any CPU
		{5C9E6D11-B55F-44DB-8B68-FA29CE6F13C2}.Release|Any CPU.Build.0 = Release|Any CPU
		{5C9E6D11-B55F-44DB-8B68-FA29CE6F13C2}.Release|Any CPU.Deploy.0 = Release|Any CPU
	EndGlobalSection
EndGlobal
